// !$*UTF8*$!
{
	archiveVersion = 1;
	classes = {
	};
	objectVersion = 50;
	objects = {

/* Begin PBXBuildFile section */
		033CA906241D1F9F00FD0D18 /* SpinView.swift in Sources */ = {isa = PBXBuildFile; fileRef = 033CA905241D1F9F00FD0D18 /* SpinView.swift */; };
		033CA908241D255F00FD0D18 /* ToggleAnimation.swift in Sources */ = {isa = PBXBuildFile; fileRef = 033CA907241D255F00FD0D18 /* ToggleAnimation.swift */; };
		033CA90A241D2F9900FD0D18 /* Gradient.swift in Sources */ = {isa = PBXBuildFile; fileRef = 033CA909241D2F9900FD0D18 /* Gradient.swift */; };
		03D9BA01236D9C750013C646 /* animation .swift in Sources */ = {isa = PBXBuildFile; fileRef = 03D9BA00236D9C750013C646 /* animation .swift */; };
		03D9BA03236DA1B10013C646 /* transitions.swift in Sources */ = {isa = PBXBuildFile; fileRef = 03D9BA02236DA1B10013C646 /* transitions.swift */; };
		03F436B5236CD8C10071292A /* AppDelegate.swift in Sources */ = {isa = PBXBuildFile; fileRef = 03F436B4236CD8C10071292A /* AppDelegate.swift */; };
		03F436B7236CD8C10071292A /* SceneDelegate.swift in Sources */ = {isa = PBXBuildFile; fileRef = 03F436B6236CD8C10071292A /* SceneDelegate.swift */; };
		03F436B9236CD8C10071292A /* ContentView.swift in Sources */ = {isa = PBXBuildFile; fileRef = 03F436B8236CD8C10071292A /* ContentView.swift */; };
		03F436BB236CD8C50071292A /* Assets.xcassets in Resources */ = {isa = PBXBuildFile; fileRef = 03F436BA236CD8C50071292A /* Assets.xcassets */; };
		03F436BE236CD8C50071292A /* Preview Assets.xcassets in Resources */ = {isa = PBXBuildFile; fileRef = 03F436BD236CD8C50071292A /* Preview Assets.xcassets */; };
		03F436C1236CD8C50071292A /* LaunchScreen.storyboard in Resources */ = {isa = PBXBuildFile; fileRef = 03F436BF236CD8C50071292A /* LaunchScreen.storyboard */; };
/* End PBXBuildFile section */

/* Begin PBXFileReference section */
		033CA905241D1F9F00FD0D18 /* SpinView.swift */ = {isa = PBXFileReference; lastKnownFileType = sourcecode.swift; path = SpinView.swift; sourceTree = "<group>"; };
		033CA907241D255F00FD0D18 /* ToggleAnimation.swift */ = {isa = PBXFileReference; lastKnownFileType = sourcecode.swift; path = ToggleAnimation.swift; sourceTree = "<group>"; };
		033CA909241D2F9900FD0D18 /* Gradient.swift */ = {isa = PBXFileReference; lastKnownFileType = sourcecode.swift; path = Gradient.swift; sourceTree = "<group>"; };
		03D9BA00236D9C750013C646 /* animation .swift */ = {isa = PBXFileReference; lastKnownFileType = sourcecode.swift; path = "animation .swift"; sourceTree = "<group>"; };
		03D9BA02236DA1B10013C646 /* transitions.swift */ = {isa = PBXFileReference; lastKnownFileType = sourcecode.swift; path = transitions.swift; sourceTree = "<group>"; };
		03F436B1236CD8C10071292A /* animations.app */ = {isa = PBXFileReference; explicitFileType = wrapper.application; includeInIndex = 0; path = animations.app; sourceTree = BUILT_PRODUCTS_DIR; };
		03F436B4236CD8C10071292A /* AppDelegate.swift */ = {isa = PBXFileReference; lastKnownFileType = sourcecode.swift; path = AppDelegate.swift; sourceTree = "<group>"; };
		03F436B6236CD8C10071292A /* SceneDelegate.swift */ = {isa = PBXFileReference; lastKnownFileType = sourcecode.swift; path = SceneDelegate.swift; sourceTree = "<group>"; };
		03F436B8236CD8C10071292A /* ContentView.swift */ = {isa = PBXFileReference; lastKnownFileType = sourcecode.swift; path = ContentView.swift; sourceTree = "<group>"; };
		03F436BA236CD8C50071292A /* Assets.xcassets */ = {isa = PBXFileReference; lastKnownFileType = folder.assetcatalog; path = Assets.xcassets; sourceTree = "<group>"; };
		03F436BD236CD8C50071292A /* Preview Assets.xcassets */ = {isa = PBXFileReference; lastKnownFileType = folder.assetcatalog; path = "Preview Assets.xcassets"; sourceTree = "<group>"; };
		03F436C0236CD8C50071292A /* Base */ = {isa = PBXFileReference; lastKnownFileType = file.storyboard; name = Base; path = Base.lproj/LaunchScreen.storyboard; sourceTree = "<group>"; };
		03F436C2236CD8C50071292A /* Info.plist */ = {isa = PBXFileReference; lastKnownFileType = text.plist.xml; path = Info.plist; sourceTree = "<group>"; };
/* End PBXFileReference section */

/* Begin PBXFrameworksBuildPhase section */
		03F436AE236CD8C10071292A /* Frameworks */ = {
			isa = PBXFrameworksBuildPhase;
			buildActionMask = 2147483647;
			files = (
			);
			runOnlyForDeploymentPostprocessing = 0;
		};
/* End PBXFrameworksBuildPhase section */

/* Begin PBXGroup section */
		03F436A8236CD8C10071292A = {
			isa = PBXGroup;
			children = (
				03D9BA00236D9C750013C646 /* animation .swift */,
				03D9BA02236DA1B10013C646 /* transitions.swift */,
				03F436B3236CD8C10071292A /* animations */,
				03F436B2236CD8C10071292A /* Products */,
			);
			sourceTree = "<group>";
		};
		03F436B2236CD8C10071292A /* Products */ = {
			isa = PBXGroup;
			children = (
				03F436B1236CD8C10071292A /* animations.app */,
			);
			name = Products;
			sourceTree = "<group>";
		};
		03F436B3236CD8C10071292A /* animations */ = {
			isa = PBXGroup;
			children = (
				03F436B4236CD8C10071292A /* AppDelegate.swift */,
				03F436B6236CD8C10071292A /* SceneDelegate.swift */,
				03F436B8236CD8C10071292A /* ContentView.swift */,
				033CA905241D1F9F00FD0D18 /* SpinView.swift */,
				033CA907241D255F00FD0D18 /* ToggleAnimation.swift */,
				033CA909241D2F9900FD0D18 /* Gradient.swift */,
				03F436BA236CD8C50071292A /* Assets.xcassets */,
				03F436BF236CD8C50071292A /* LaunchScreen.storyboard */,
				03F436C2236CD8C50071292A /* Info.plist */,
				03F436BC236CD8C50071292A /* Preview Content */,
			);
			path = animations;
			sourceTree = "<group>";
		};
		03F436BC236CD8C50071292A /* Preview Content */ = {
			isa = PBXGroup;
			children = (
				03F436BD236CD8C50071292A /* Preview Assets.xcassets */,
			);
			path = "Preview Content";
			sourceTree = "<group>";
		};
/* End PBXGroup section */

/* Begin PBXNativeTarget section */
		03F436B0236CD8C10071292A /* animations */ = {
			isa = PBXNativeTarget;
			buildConfigurationList = 03F436C5236CD8C50071292A /* Build configuration list for PBXNativeTarget "animations" */;
			buildPhases = (
				03F436AD236CD8C10071292A /* Sources */,
				03F436AE236CD8C10071292A /* Frameworks */,
				03F436AF236CD8C10071292A /* Resources */,
			);
			buildRules = (
			);
			dependencies = (
			);
			name = animations;
			productName = animations;
			productReference = 03F436B1236CD8C10071292A /* animations.app */;
			productType = "com.apple.product-type.application";
		};
/* End PBXNativeTarget section */

/* Begin PBXProject section */
		03F436A9236CD8C10071292A /* Project object */ = {
			isa = PBXProject;
			attributes = {
				LastSwiftUpdateCheck = 1100;
				LastUpgradeCheck = 1100;
				ORGANIZATIONNAME = "Moazzam Tahir";
				TargetAttributes = {
					03F436B0236CD8C10071292A = {
						CreatedOnToolsVersion = 11.0;
					};
				};
			};
			buildConfigurationList = 03F436AC236CD8C10071292A /* Build configuration list for PBXProject "animations" */;
			compatibilityVersion = "Xcode 9.3";
			developmentRegion = en;
			hasScannedForEncodings = 0;
			knownRegions = (
				en,
				Base,
			);
			mainGroup = 03F436A8236CD8C10071292A;
			productRefGroup = 03F436B2236CD8C10071292A /* Products */;
			projectDirPath = "";
			projectRoot = "";
			targets = (
				03F436B0236CD8C10071292A /* animations */,
			);
		};
/* End PBXProject section */

/* Begin PBXResourcesBuildPhase section */
		03F436AF236CD8C10071292A /* Resources */ = {
			isa = PBXResourcesBuildPhase;
			buildActionMask = 2147483647;
			files = (
				03F436C1236CD8C50071292A /* LaunchScreen.storyboard in Resources */,
				03F436BE236CD8C50071292A /* Preview Assets.xcassets in Resources */,
				03F436BB236CD8C50071292A /* Assets.xcassets in Resources */,
			);
			runOnlyForDeploymentPostprocessing = 0;
		};
/* End PBXResourcesBuildPhase section */

/* Begin PBXSourcesBuildPhase section */
		03F436AD236CD8C10071292A /* Sources */ = {
			isa = PBXSourcesBuildPhase;
			buildActionMask = 2147483647;
			files = (
				03F436B5236CD8C10071292A /* AppDelegate.swift in Sources */,
				033CA906241D1F9F00FD0D18 /* SpinView.swift in Sources */,
				033CA908241D255F00FD0D18 /* ToggleAnimation.swift in Sources */,
				03D9BA03236DA1B10013C646 /* transitions.swift in Sources */,
				03F436B7236CD8C10071292A /* SceneDelegate.swift in Sources */,
				03F436B9236CD8C10071292A /* ContentView.swift in Sources */,
				03D9BA01236D9C750013C646 /* animation .swift in Sources */,
				033CA90A241D2F9900FD0D18 /* Gradient.swift in Sources */,
			);
			runOnlyForDeploymentPostprocessing = 0;
		};
/* End PBXSourcesBuildPhase section */

/* Begin PBXVariantGroup section */
		03F436BF236CD8C50071292A /* LaunchScreen.storyboard */ = {
			isa = PBXVariantGroup;
			children = (
				03F436C0236CD8C50071292A /* Base */,
			);
			name = LaunchScreen.storyboard;
			sourceTree = "<group>";
		};
/* End PBXVariantGroup section */

/* Begin XCBuildConfiguration section */
		03F436C3236CD8C50071292A /* Debug */ = {
			isa = XCBuildConfiguration;
			buildSettings = {
				ALWAYS_SEARCH_USER_PATHS = NO;
				CLANG_ANALYZER_NONNULL = YES;
				CLANG_ANALYZER_NUMBER_OBJECT_CONVERSION = YES_AGGRESSIVE;
				CLANG_CXX_LANGUAGE_STANDARD = "gnu++14";
				CLANG_CXX_LIBRARY = "libc++";
				CLANG_ENABLE_MODULES = YES;
				CLANG_ENABLE_OBJC_ARC = YES;
				CLANG_ENABLE_OBJC_WEAK = YES;
				CLANG_WARN_BLOCK_CAPTURE_AUTORELEASING = YES;
				CLANG_WARN_BOOL_CONVERSION = YES;
				CLANG_WARN_COMMA = YES;
				CLANG_WARN_CONSTANT_CONVERSION = YES;
				CLANG_WARN_DEPRECATED_OBJC_IMPLEMENTATIONS = YES;
				CLANG_WARN_DIRECT_OBJC_ISA_USAGE = YES_ERROR;
				CLANG_WARN_DOCUMENTATION_COMMENTS = YES;
				CLANG_WARN_EMPTY_BODY = YES;
				CLANG_WARN_ENUM_CONVERSION = YES;
				CLANG_WARN_INFINITE_RECURSION = YES;
				CLANG_WARN_INT_CONVERSION = YES;
				CLANG_WARN_NON_LITERAL_NULL_CONVERSION = YES;
				CLANG_WARN_OBJC_IMPLICIT_RETAIN_SELF = YES;
				CLANG_WARN_OBJC_LITERAL_CONVERSION = YES;
				CLANG_WARN_OBJC_ROOT_CLASS = YES_ERROR;
				CLANG_WARN_RANGE_LOOP_ANALYSIS = YES;
				CLANG_WARN_STRICT_PROTOTYPES = YES;
				CLANG_WARN_SUSPICIOUS_MOVE = YES;
				CLANG_WARN_UNGUARDED_AVAILABILITY = YES_AGGRESSIVE;
				CLANG_WARN_UNREACHABLE_CODE = YES;
				CLANG_WARN__DUPLICATE_METHOD_MATCH = YES;
				COPY_PHASE_STRIP = NO;
				DEBUG_INFORMATION_FORMAT = dwarf;
				ENABLE_STRICT_OBJC_MSGSEND = YES;
				ENABLE_TESTABILITY = YES;
				GCC_C_LANGUAGE_STANDARD = gnu11;
				GCC_DYNAMIC_NO_PIC = NO;
				GCC_NO_COMMON_BLOCKS = YES;
				GCC_OPTIMIZATION_LEVEL = 0;
				GCC_PREPROCESSOR_DEFINITIONS = (
					"DEBUG=1",
					"$(inherited)",
				);
				GCC_WARN_64_TO_32_BIT_CONVERSION = YES;
				GCC_WARN_ABOUT_RETURN_TYPE = YES_ERROR;
				GCC_WARN_UNDECLARED_SELECTOR = YES;
				GCC_WARN_UNINITIALIZED_AUTOS = YES_AGGRESSIVE;
				GCC_WARN_UNUSED_FUNCTION = YES;
				GCC_WARN_UNUSED_VARIABLE = YES;
				IPHONEOS_DEPLOYMENT_TARGET = 13.0;
				MTL_ENABLE_DEBUG_INFO = INCLUDE_SOURCE;
				MTL_FAST_MATH = YES;
				ONLY_ACTIVE_ARCH = YES;
				SDKROOT = iphoneos;
				SWIFT_ACTIVE_COMPILATION_CONDITIONS = DEBUG;
				SWIFT_OPTIMIZATION_LEVEL = "-Onone";
			};
			name = Debug;
		};
		03F436C4236CD8C50071292A /* Release */ = {
			isa = XCBuildConfiguration;
			buildSettings = {
				ALWAYS_SEARCH_USER_PATHS = NO;
				CLANG_ANALYZER_NONNULL = YES;
				CLANG_ANALYZER_NUMBER_OBJECT_CONVERSION = YES_AGGRESSIVE;
				CLANG_CXX_LANGUAGE_STANDARD = "gnu++14";
				CLANG_CXX_LIBRARY = "libc++";
				CLANG_ENABLE_MODULES = YES;
				CLANG_ENABLE_OBJC_ARC = YES;
				CLANG_ENABLE_OBJC_WEAK = YES;
				CLANG_WARN_BLOCK_CAPTURE_AUTORELEASING = YES;
				CLANG_WARN_BOOL_CONVERSION = YES;
				CLANG_WARN_COMMA = YES;
				CLANG_WARN_CONSTANT_CONVERSION = YES;
				CLANG_WARN_DEPRECATED_OBJC_IMPLEMENTATIONS = YES;
				CLANG_WARN_DIRECT_OBJC_ISA_USAGE = YES_ERROR;
				CLANG_WARN_DOCUMENTATION_COMMENTS = YES;
				CLANG_WARN_EMPTY_BODY = YES;
				CLANG_WARN_ENUM_CONVERSION = YES;
				CLANG_WARN_INFINITE_RECURSION = YES;
				CLANG_WARN_INT_CONVERSION = YES;
				CLANG_WARN_NON_LITERAL_NULL_CONVERSION = YES;
				CLANG_WARN_OBJC_IMPLICIT_RETAIN_SELF = YES;
				CLANG_WARN_OBJC_LITERAL_CONVERSION = YES;
				CLANG_WARN_OBJC_ROOT_CLASS = YES_ERROR;
				CLANG_WARN_RANGE_LOOP_ANALYSIS = YES;
				CLANG_WARN_STRICT_PROTOTYPES = YES;
				CLANG_WARN_SUSPICIOUS_MOVE = YES;
				CLANG_WARN_UNGUARDED_AVAILABILITY = YES_AGGRESSIVE;
				CLANG_WARN_UNREACHABLE_CODE = YES;
				CLANG_WARN__DUPLICATE_METHOD_MATCH = YES;
				COPY_PHASE_STRIP = NO;
				DEBUG_INFORMATION_FORMAT = "dwarf-with-dsym";
				ENABLE_NS_ASSERTIONS = NO;
				ENABLE_STRICT_OBJC_MSGSEND = YES;
				GCC_C_LANGUAGE_STANDARD = gnu11;
				GCC_NO_COMMON_BLOCKS = YES;
				GCC_WARN_64_TO_32_BIT_CONVERSION = YES;
				GCC_WARN_ABOUT_RETURN_TYPE = YES_ERROR;
				GCC_WARN_UNDECLARED_SELECTOR = YES;
				GCC_WARN_UNINITIALIZED_AUTOS = YES_AGGRESSIVE;
				GCC_WARN_UNUSED_FUNCTION = YES;
				GCC_WARN_UNUSED_VARIABLE = YES;
				IPHONEOS_DEPLOYMENT_TARGET = 13.0;
				MTL_ENABLE_DEBUG_INFO = NO;
				MTL_FAST_MATH = YES;
				SDKROOT = iphoneos;
				SWIFT_COMPILATION_MODE = wholemodule;
				SWIFT_OPTIMIZATION_LEVEL = "-O";
				VALIDATE_PRODUCT = YES;
			};
			name = Release;
		};
		03F436C6236CD8C50071292A /* Debug */ = {
			isa = XCBuildConfiguration;
			buildSettings = {
				ASSETCATALOG_COMPILER_APPICON_NAME = AppIcon;
				CODE_SIGN_STYLE = Automatic;
				DEVELOPMENT_ASSET_PATHS = "\"animations/Preview Content\"";
				DEVELOPMENT_TEAM = Z92VD6GGG5;
				ENABLE_PREVIEWS = YES;
				INFOPLIST_FILE = animations/Info.plist;
				LD_RUNPATH_SEARCH_PATHS = (
					"$(inherited)",
					"@executable_path/Frameworks",
				);
				PRODUCT_BUNDLE_IDENTIFIER = com.developersden.animations;
				PRODUCT_NAME = "$(TARGET_NAME)";
				SWIFT_VERSION = 5.0;
				TARGETED_DEVICE_FAMILY = "1,2";
			};
			name = Debug;
		};
		03F436C7236CD8C50071292A /* Release */ = {
			isa = XCBuildConfiguration;
			buildSettings = {
				ASSETCATALOG_COMPILER_APPICON_NAME = AppIcon;
				CODE_SIGN_STYLE = Automatic;
				DEVELOPMENT_ASSET_PATHS = "\"animations/Preview Content\"";
				DEVELOPMENT_TEAM = Z92VD6GGG5;
				ENABLE_PREVIEWS = YES;
				INFOPLIST_FILE = animations/Info.plist;
				LD_RUNPATH_SEARCH_PATHS = (
					"$(inherited)",
					"@executable_path/Frameworks",
				);
				PRODUCT_BUNDLE_IDENTIFIER = com.developersden.animations;
				PRODUCT_NAME = "$(TARGET_NAME)";
				SWIFT_VERSION = 5.0;
				TARGETED_DEVICE_FAMILY = "1,2";
			};
			name = Release;
		};
/* End XCBuildConfiguration section */

/* Begin XCConfigurationList section */
		03F436AC236CD8C10071292A /* Build configuration list for PBXProject "animations" */ = {
			isa = XCConfigurationList;
			buildConfigurations = (
				03F436C3236CD8C50071292A /* Debug */,
				03F436C4236CD8C50071292A /* Release */,
			);
			defaultConfigurationIsVisible = 0;
			defaultConfigurationName = Release;
		};
		03F436C5236CD8C50071292A /* Build configuration list for PBXNativeTarget "animations" */ = {
			isa = XCConfigurationList;
			buildConfigurations = (
				03F436C6236CD8C50071292A /* Debug */,
				03F436C7236CD8C50071292A /* Release */,
			);
			defaultConfigurationIsVisible = 0;
			defaultConfigurationName = Release;
		};
/* End XCConfigurationList section */
	};
	rootObject = 03F436A9236CD8C10071292A /* Project object */;
}
