// !$*UTF8*$!
{
	archiveVersion = 1;
	classes = {
	};
	objectVersion = 50;
	objects = {

/* Begin PBXBuildFile section */
		0319485F2433CA33003753CE /* AppDelegate.swift in Sources */ = {isa = PBXBuildFile; fileRef = 0319485E2433CA33003753CE /* AppDelegate.swift */; };
		031948612433CA33003753CE /* SceneDelegate.swift in Sources */ = {isa = PBXBuildFile; fileRef = 031948602433CA33003753CE /* SceneDelegate.swift */; };
		031948632433CA33003753CE /* ContentView.swift in Sources */ = {isa = PBXBuildFile; fileRef = 031948622433CA33003753CE /* ContentView.swift */; };
		031948652433CA35003753CE /* Assets.xcassets in Resources */ = {isa = PBXBuildFile; fileRef = 031948642433CA35003753CE /* Assets.xcassets */; };
		031948682433CA35003753CE /* Preview Assets.xcassets in Resources */ = {isa = PBXBuildFile; fileRef = 031948672433CA35003753CE /* Preview Assets.xcassets */; };
		0319486B2433CA35003753CE /* LaunchScreen.storyboard in Resources */ = {isa = PBXBuildFile; fileRef = 031948692433CA35003753CE /* LaunchScreen.storyboard */; };
		031948732433D631003753CE /* ScrollView.swift in Sources */ = {isa = PBXBuildFile; fileRef = 031948722433D631003753CE /* ScrollView.swift */; };
		031948752433D9D0003753CE /* DecodableJSONInput.swift in Sources */ = {isa = PBXBuildFile; fileRef = 031948742433D9D0003753CE /* DecodableJSONInput.swift */; };
		03DC9393245E193600ECD71B /* astronauts.json in Resources */ = {isa = PBXBuildFile; fileRef = 03DC9392245E193600ECD71B /* astronauts.json */; };
		03DC9395245E193E00ECD71B /* missions.json in Resources */ = {isa = PBXBuildFile; fileRef = 03DC9394245E193E00ECD71B /* missions.json */; };
		03DC9397245E19C900ECD71B /* Astronaut.swift in Sources */ = {isa = PBXBuildFile; fileRef = 03DC9396245E19C900ECD71B /* Astronaut.swift */; };
		03DC9399245E1BDE00ECD71B /* BundleExtension.swift in Sources */ = {isa = PBXBuildFile; fileRef = 03DC9398245E1BDE00ECD71B /* BundleExtension.swift */; };
		03DC939B245F63ED00ECD71B /* Missions.swift in Sources */ = {isa = PBXBuildFile; fileRef = 03DC939A245F63ED00ECD71B /* Missions.swift */; };
/* End PBXBuildFile section */

/* Begin PBXFileReference section */
		0319485B2433CA33003753CE /* Moon Shot.app */ = {isa = PBXFileReference; explicitFileType = wrapper.application; includeInIndex = 0; path = "Moon Shot.app"; sourceTree = BUILT_PRODUCTS_DIR; };
		0319485E2433CA33003753CE /* AppDelegate.swift */ = {isa = PBXFileReference; lastKnownFileType = sourcecode.swift; path = AppDelegate.swift; sourceTree = "<group>"; };
		031948602433CA33003753CE /* SceneDelegate.swift */ = {isa = PBXFileReference; lastKnownFileType = sourcecode.swift; path = SceneDelegate.swift; sourceTree = "<group>"; };
		031948622433CA33003753CE /* ContentView.swift */ = {isa = PBXFileReference; lastKnownFileType = sourcecode.swift; path = ContentView.swift; sourceTree = "<group>"; };
		031948642433CA35003753CE /* Assets.xcassets */ = {isa = PBXFileReference; lastKnownFileType = folder.assetcatalog; path = Assets.xcassets; sourceTree = "<group>"; };
		031948672433CA35003753CE /* Preview Assets.xcassets */ = {isa = PBXFileReference; lastKnownFileType = folder.assetcatalog; path = "Preview Assets.xcassets"; sourceTree = "<group>"; };
		0319486A2433CA35003753CE /* Base */ = {isa = PBXFileReference; lastKnownFileType = file.storyboard; name = Base; path = Base.lproj/LaunchScreen.storyboard; sourceTree = "<group>"; };
		0319486C2433CA35003753CE /* Info.plist */ = {isa = PBXFileReference; lastKnownFileType = text.plist.xml; path = Info.plist; sourceTree = "<group>"; };
		031948722433D631003753CE /* ScrollView.swift */ = {isa = PBXFileReference; lastKnownFileType = sourcecode.swift; path = ScrollView.swift; sourceTree = "<group>"; };
		031948742433D9D0003753CE /* DecodableJSONInput.swift */ = {isa = PBXFileReference; lastKnownFileType = sourcecode.swift; path = DecodableJSONInput.swift; sourceTree = "<group>"; };
		03DC9392245E193600ECD71B /* astronauts.json */ = {isa = PBXFileReference; fileEncoding = 4; lastKnownFileType = text.json; path = astronauts.json; sourceTree = "<group>"; };
		03DC9394245E193E00ECD71B /* missions.json */ = {isa = PBXFileReference; fileEncoding = 4; lastKnownFileType = text.json; path = missions.json; sourceTree = "<group>"; };
		03DC9396245E19C900ECD71B /* Astronaut.swift */ = {isa = PBXFileReference; lastKnownFileType = sourcecode.swift; path = Astronaut.swift; sourceTree = "<group>"; };
		03DC9398245E1BDE00ECD71B /* BundleExtension.swift */ = {isa = PBXFileReference; lastKnownFileType = sourcecode.swift; path = BundleExtension.swift; sourceTree = "<group>"; };
		03DC939A245F63ED00ECD71B /* Missions.swift */ = {isa = PBXFileReference; lastKnownFileType = sourcecode.swift; path = Missions.swift; sourceTree = "<group>"; };
/* End PBXFileReference section */

/* Begin PBXFrameworksBuildPhase section */
		031948582433CA33003753CE /* Frameworks */ = {
			isa = PBXFrameworksBuildPhase;
			buildActionMask = 2147483647;
			files = (
			);
			runOnlyForDeploymentPostprocessing = 0;
		};
/* End PBXFrameworksBuildPhase section */

/* Begin PBXGroup section */
		031948522433CA33003753CE = {
			isa = PBXGroup;
			children = (
				0319485D2433CA33003753CE /* Moon Shot */,
				0319485C2433CA33003753CE /* Products */,
			);
			sourceTree = "<group>";
		};
		0319485C2433CA33003753CE /* Products */ = {
			isa = PBXGroup;
			children = (
				0319485B2433CA33003753CE /* Moon Shot.app */,
			);
			name = Products;
			sourceTree = "<group>";
		};
		0319485D2433CA33003753CE /* Moon Shot */ = {
			isa = PBXGroup;
			children = (
				0319485E2433CA33003753CE /* AppDelegate.swift */,
				031948602433CA33003753CE /* SceneDelegate.swift */,
				031948622433CA33003753CE /* ContentView.swift */,
				031948722433D631003753CE /* ScrollView.swift */,
				031948742433D9D0003753CE /* DecodableJSONInput.swift */,
				03DC9396245E19C900ECD71B /* Astronaut.swift */,
				03DC939A245F63ED00ECD71B /* Missions.swift */,
				03DC9398245E1BDE00ECD71B /* BundleExtension.swift */,
				031948642433CA35003753CE /* Assets.xcassets */,
				031948692433CA35003753CE /* LaunchScreen.storyboard */,
				03DC9394245E193E00ECD71B /* missions.json */,
				03DC9392245E193600ECD71B /* astronauts.json */,
				0319486C2433CA35003753CE /* Info.plist */,
				031948662433CA35003753CE /* Preview Content */,
			);
			path = "Moon Shot";
			sourceTree = "<group>";
		};
		031948662433CA35003753CE /* Preview Content */ = {
			isa = PBXGroup;
			children = (
				031948672433CA35003753CE /* Preview Assets.xcassets */,
			);
			path = "Preview Content";
			sourceTree = "<group>";
		};
/* End PBXGroup section */

/* Begin PBXNativeTarget section */
		0319485A2433CA33003753CE /* Moon Shot */ = {
			isa = PBXNativeTarget;
			buildConfigurationList = 0319486F2433CA35003753CE /* Build configuration list for PBXNativeTarget "Moon Shot" */;
			buildPhases = (
				031948572433CA33003753CE /* Sources */,
				031948582433CA33003753CE /* Frameworks */,
				031948592433CA33003753CE /* Resources */,
			);
			buildRules = (
			);
			dependencies = (
			);
			name = "Moon Shot";
			productName = "Moon Shot";
			productReference = 0319485B2433CA33003753CE /* Moon Shot.app */;
			productType = "com.apple.product-type.application";
		};
/* End PBXNativeTarget section */

/* Begin PBXProject section */
		031948532433CA33003753CE /* Project object */ = {
			isa = PBXProject;
			attributes = {
				LastSwiftUpdateCheck = 1130;
				LastUpgradeCheck = 1130;
				ORGANIZATIONNAME = "Moazzam Tahir";
				TargetAttributes = {
					0319485A2433CA33003753CE = {
						CreatedOnToolsVersion = 11.3.1;
					};
				};
			};
			buildConfigurationList = 031948562433CA33003753CE /* Build configuration list for PBXProject "Moon Shot" */;
			compatibilityVersion = "Xcode 9.3";
			developmentRegion = en;
			hasScannedForEncodings = 0;
			knownRegions = (
				en,
				Base,
			);
			mainGroup = 031948522433CA33003753CE;
			productRefGroup = 0319485C2433CA33003753CE /* Products */;
			projectDirPath = "";
			projectRoot = "";
			targets = (
				0319485A2433CA33003753CE /* Moon Shot */,
			);
		};
/* End PBXProject section */

/* Begin PBXResourcesBuildPhase section */
		031948592433CA33003753CE /* Resources */ = {
			isa = PBXResourcesBuildPhase;
			buildActionMask = 2147483647;
			files = (
				0319486B2433CA35003753CE /* LaunchScreen.storyboard in Resources */,
				03DC9395245E193E00ECD71B /* missions.json in Resources */,
				031948682433CA35003753CE /* Preview Assets.xcassets in Resources */,
				031948652433CA35003753CE /* Assets.xcassets in Resources */,
				03DC9393245E193600ECD71B /* astronauts.json in Resources */,
			);
			runOnlyForDeploymentPostprocessing = 0;
		};
/* End PBXResourcesBuildPhase section */

/* Begin PBXSourcesBuildPhase section */
		031948572433CA33003753CE /* Sources */ = {
			isa = PBXSourcesBuildPhase;
			buildActionMask = 2147483647;
			files = (
				0319485F2433CA33003753CE /* AppDelegate.swift in Sources */,
				031948732433D631003753CE /* ScrollView.swift in Sources */,
				031948612433CA33003753CE /* SceneDelegate.swift in Sources */,
				03DC9399245E1BDE00ECD71B /* BundleExtension.swift in Sources */,
				03DC9397245E19C900ECD71B /* Astronaut.swift in Sources */,
				031948632433CA33003753CE /* ContentView.swift in Sources */,
				03DC939B245F63ED00ECD71B /* Missions.swift in Sources */,
				031948752433D9D0003753CE /* DecodableJSONInput.swift in Sources */,
			);
			runOnlyForDeploymentPostprocessing = 0;
		};
/* End PBXSourcesBuildPhase section */

/* Begin PBXVariantGroup section */
		031948692433CA35003753CE /* LaunchScreen.storyboard */ = {
			isa = PBXVariantGroup;
			children = (
				0319486A2433CA35003753CE /* Base */,
			);
			name = LaunchScreen.storyboard;
			sourceTree = "<group>";
		};
/* End PBXVariantGroup section */

/* Begin XCBuildConfiguration section */
		0319486D2433CA35003753CE /* Debug */ = {
			isa = XCBuildConfiguration;
			buildSettings = {
				ALWAYS_SEARCH_USER_PATHS = NO;
				CLANG_ANALYZER_NONNULL = YES;
				CLANG_ANALYZER_NUMBER_OBJECT_CONVERSION = YES_AGGRESSIVE;
				CLANG_CXX_LANGUAGE_STANDARD = "gnu++14";
				CLANG_CXX_LIBRARY = "libc++";
				CLANG_ENABLE_MODULES = YES;
				CLANG_ENABLE_OBJC_ARC = YES;
				CLANG_ENABLE_OBJC_WEAK = YES;
				CLANG_WARN_BLOCK_CAPTURE_AUTORELEASING = YES;
				CLANG_WARN_BOOL_CONVERSION = YES;
				CLANG_WARN_COMMA = YES;
				CLANG_WARN_CONSTANT_CONVERSION = YES;
				CLANG_WARN_DEPRECATED_OBJC_IMPLEMENTATIONS = YES;
				CLANG_WARN_DIRECT_OBJC_ISA_USAGE = YES_ERROR;
				CLANG_WARN_DOCUMENTATION_COMMENTS = YES;
				CLANG_WARN_EMPTY_BODY = YES;
				CLANG_WARN_ENUM_CONVERSION = YES;
				CLANG_WARN_INFINITE_RECURSION = YES;
				CLANG_WARN_INT_CONVERSION = YES;
				CLANG_WARN_NON_LITERAL_NULL_CONVERSION = YES;
				CLANG_WARN_OBJC_IMPLICIT_RETAIN_SELF = YES;
				CLANG_WARN_OBJC_LITERAL_CONVERSION = YES;
				CLANG_WARN_OBJC_ROOT_CLASS = YES_ERROR;
				CLANG_WARN_RANGE_LOOP_ANALYSIS = YES;
				CLANG_WARN_STRICT_PROTOTYPES = YES;
				CLANG_WARN_SUSPICIOUS_MOVE = YES;
				CLANG_WARN_UNGUARDED_AVAILABILITY = YES_AGGRESSIVE;
				CLANG_WARN_UNREACHABLE_CODE = YES;
				CLANG_WARN__DUPLICATE_METHOD_MATCH = YES;
				COPY_PHASE_STRIP = NO;
				DEBUG_INFORMATION_FORMAT = dwarf;
				ENABLE_STRICT_OBJC_MSGSEND = YES;
				ENABLE_TESTABILITY = YES;
				GCC_C_LANGUAGE_STANDARD = gnu11;
				GCC_DYNAMIC_NO_PIC = NO;
				GCC_NO_COMMON_BLOCKS = YES;
				GCC_OPTIMIZATION_LEVEL = 0;
				GCC_PREPROCESSOR_DEFINITIONS = (
					"DEBUG=1",
					"$(inherited)",
				);
				GCC_WARN_64_TO_32_BIT_CONVERSION = YES;
				GCC_WARN_ABOUT_RETURN_TYPE = YES_ERROR;
				GCC_WARN_UNDECLARED_SELECTOR = YES;
				GCC_WARN_UNINITIALIZED_AUTOS = YES_AGGRESSIVE;
				GCC_WARN_UNUSED_FUNCTION = YES;
				GCC_WARN_UNUSED_VARIABLE = YES;
				IPHONEOS_DEPLOYMENT_TARGET = 13.2;
				MTL_ENABLE_DEBUG_INFO = INCLUDE_SOURCE;
				MTL_FAST_MATH = YES;
				ONLY_ACTIVE_ARCH = YES;
				SDKROOT = iphoneos;
				SWIFT_ACTIVE_COMPILATION_CONDITIONS = DEBUG;
				SWIFT_OPTIMIZATION_LEVEL = "-Onone";
			};
			name = Debug;
		};
		0319486E2433CA35003753CE /* Release */ = {
			isa = XCBuildConfiguration;
			buildSettings = {
				ALWAYS_SEARCH_USER_PATHS = NO;
				CLANG_ANALYZER_NONNULL = YES;
				CLANG_ANALYZER_NUMBER_OBJECT_CONVERSION = YES_AGGRESSIVE;
				CLANG_CXX_LANGUAGE_STANDARD = "gnu++14";
				CLANG_CXX_LIBRARY = "libc++";
				CLANG_ENABLE_MODULES = YES;
				CLANG_ENABLE_OBJC_ARC = YES;
				CLANG_ENABLE_OBJC_WEAK = YES;
				CLANG_WARN_BLOCK_CAPTURE_AUTORELEASING = YES;
				CLANG_WARN_BOOL_CONVERSION = YES;
				CLANG_WARN_COMMA = YES;
				CLANG_WARN_CONSTANT_CONVERSION = YES;
				CLANG_WARN_DEPRECATED_OBJC_IMPLEMENTATIONS = YES;
				CLANG_WARN_DIRECT_OBJC_ISA_USAGE = YES_ERROR;
				CLANG_WARN_DOCUMENTATION_COMMENTS = YES;
				CLANG_WARN_EMPTY_BODY = YES;
				CLANG_WARN_ENUM_CONVERSION = YES;
				CLANG_WARN_INFINITE_RECURSION = YES;
				CLANG_WARN_INT_CONVERSION = YES;
				CLANG_WARN_NON_LITERAL_NULL_CONVERSION = YES;
				CLANG_WARN_OBJC_IMPLICIT_RETAIN_SELF = YES;
				CLANG_WARN_OBJC_LITERAL_CONVERSION = YES;
				CLANG_WARN_OBJC_ROOT_CLASS = YES_ERROR;
				CLANG_WARN_RANGE_LOOP_ANALYSIS = YES;
				CLANG_WARN_STRICT_PROTOTYPES = YES;
				CLANG_WARN_SUSPICIOUS_MOVE = YES;
				CLANG_WARN_UNGUARDED_AVAILABILITY = YES_AGGRESSIVE;
				CLANG_WARN_UNREACHABLE_CODE = YES;
				CLANG_WARN__DUPLICATE_METHOD_MATCH = YES;
				COPY_PHASE_STRIP = NO;
				DEBUG_INFORMATION_FORMAT = "dwarf-with-dsym";
				ENABLE_NS_ASSERTIONS = NO;
				ENABLE_STRICT_OBJC_MSGSEND = YES;
				GCC_C_LANGUAGE_STANDARD = gnu11;
				GCC_NO_COMMON_BLOCKS = YES;
				GCC_WARN_64_TO_32_BIT_CONVERSION = YES;
				GCC_WARN_ABOUT_RETURN_TYPE = YES_ERROR;
				GCC_WARN_UNDECLARED_SELECTOR = YES;
				GCC_WARN_UNINITIALIZED_AUTOS = YES_AGGRESSIVE;
				GCC_WARN_UNUSED_FUNCTION = YES;
				GCC_WARN_UNUSED_VARIABLE = YES;
				IPHONEOS_DEPLOYMENT_TARGET = 13.2;
				MTL_ENABLE_DEBUG_INFO = NO;
				MTL_FAST_MATH = YES;
				SDKROOT = iphoneos;
				SWIFT_COMPILATION_MODE = wholemodule;
				SWIFT_OPTIMIZATION_LEVEL = "-O";
				VALIDATE_PRODUCT = YES;
			};
			name = Release;
		};
		031948702433CA35003753CE /* Debug */ = {
			isa = XCBuildConfiguration;
			buildSettings = {
				ASSETCATALOG_COMPILER_APPICON_NAME = AppIcon;
				CODE_SIGN_STYLE = Automatic;
				DEVELOPMENT_ASSET_PATHS = "\"Moon Shot/Preview Content\"";
				DEVELOPMENT_TEAM = S7J2AQ3ASG;
				ENABLE_PREVIEWS = YES;
				INFOPLIST_FILE = "Moon Shot/Info.plist";
				LD_RUNPATH_SEARCH_PATHS = (
					"$(inherited)",
					"@executable_path/Frameworks",
				);
				PRODUCT_BUNDLE_IDENTIFIER = "com.developersden.Moon-Shot";
				PRODUCT_NAME = "$(TARGET_NAME)";
				SWIFT_VERSION = 5.0;
				TARGETED_DEVICE_FAMILY = "1,2";
			};
			name = Debug;
		};
		031948712433CA35003753CE /* Release */ = {
			isa = XCBuildConfiguration;
			buildSettings = {
				ASSETCATALOG_COMPILER_APPICON_NAME = AppIcon;
				CODE_SIGN_STYLE = Automatic;
				DEVELOPMENT_ASSET_PATHS = "\"Moon Shot/Preview Content\"";
				DEVELOPMENT_TEAM = S7J2AQ3ASG;
				ENABLE_PREVIEWS = YES;
				INFOPLIST_FILE = "Moon Shot/Info.plist";
				LD_RUNPATH_SEARCH_PATHS = (
					"$(inherited)",
					"@executable_path/Frameworks",
				);
				PRODUCT_BUNDLE_IDENTIFIER = "com.developersden.Moon-Shot";
				PRODUCT_NAME = "$(TARGET_NAME)";
				SWIFT_VERSION = 5.0;
				TARGETED_DEVICE_FAMILY = "1,2";
			};
			name = Release;
		};
/* End XCBuildConfiguration section */

/* Begin XCConfigurationList section */
		031948562433CA33003753CE /* Build configuration list for PBXProject "Moon Shot" */ = {
			isa = XCConfigurationList;
			buildConfigurations = (
				0319486D2433CA35003753CE /* Debug */,
				0319486E2433CA35003753CE /* Release */,
			);
			defaultConfigurationIsVisible = 0;
			defaultConfigurationName = Release;
		};
		0319486F2433CA35003753CE /* Build configuration list for PBXNativeTarget "Moon Shot" */ = {
			isa = XCConfigurationList;
			buildConfigurations = (
				031948702433CA35003753CE /* Debug */,
				031948712433CA35003753CE /* Release */,
			);
			defaultConfigurationIsVisible = 0;
			defaultConfigurationName = Release;
		};
/* End XCConfigurationList section */
	};
	rootObject = 031948532433CA33003753CE /* Project object */;
}
